// !$*UTF8*$!
{
	archiveVersion = 1;
	classes = {
	};
	objectVersion = 50;
	objects = {

/* Begin PBXBuildFile section */
		3A0EC6F223DCADA100BA9F2F /* CategoryButton.swift in Sources */ = {isa = PBXBuildFile; fileRef = 3A0EC6F123DCADA100BA9F2F /* CategoryButton.swift */; };
		3A0EC6F423DCB01300BA9F2F /* CategoryFlowLayout.swift in Sources */ = {isa = PBXBuildFile; fileRef = 3A0EC6F323DCB01300BA9F2F /* CategoryFlowLayout.swift */; };
		3A0EC6F623DCCF0400BA9F2F /* Strings.swift in Sources */ = {isa = PBXBuildFile; fileRef = 3A0EC6F523DCCF0400BA9F2F /* Strings.swift */; };
		3A0EC6F823DCD02000BA9F2F /* URLSessionMock.swift in Sources */ = {isa = PBXBuildFile; fileRef = 3A0EC6F723DCD02000BA9F2F /* URLSessionMock.swift */; };
		3A0EC6FA23DCD03100BA9F2F /* URLSessionDataTaskMock.swift in Sources */ = {isa = PBXBuildFile; fileRef = 3A0EC6F923DCD03100BA9F2F /* URLSessionDataTaskMock.swift */; };
		3A0EC6FC23DCD06400BA9F2F /* APIClientTests.swift in Sources */ = {isa = PBXBuildFile; fileRef = 3A0EC6FB23DCD06400BA9F2F /* APIClientTests.swift */; };
		3A0EC70223DCD44B00BA9F2F /* BaseTestCase.swift in Sources */ = {isa = PBXBuildFile; fileRef = 3A0EC70123DCD44B00BA9F2F /* BaseTestCase.swift */; };
		3A0EC70423DCD46200BA9F2F /* FileManager+Tests.swift in Sources */ = {isa = PBXBuildFile; fileRef = 3A0EC70323DCD46200BA9F2F /* FileManager+Tests.swift */; };
		3A0EC70623DCD4AB00BA9F2F /* categories.json in Resources */ = {isa = PBXBuildFile; fileRef = 3A0EC70523DCD4AB00BA9F2F /* categories.json */; };
		3A0EC70823DCDB0900BA9F2F /* invalid_categories.json in Resources */ = {isa = PBXBuildFile; fileRef = 3A0EC70723DCDB0900BA9F2F /* invalid_categories.json */; };
		3A0EC70A23DCDBCD00BA9F2F /* AsyncListViewModelTests.swift in Sources */ = {isa = PBXBuildFile; fileRef = 3A0EC70923DCDBCD00BA9F2F /* AsyncListViewModelTests.swift */; };
		3A0EC70E23DCE67B00BA9F2F /* AsyncListViewModel.swift in Sources */ = {isa = PBXBuildFile; fileRef = 3A0EC70D23DCE67B00BA9F2F /* AsyncListViewModel.swift */; };
		3A0EC71223DCE97800BA9F2F /* ImageCacheTests.swift in Sources */ = {isa = PBXBuildFile; fileRef = 3A0EC71123DCE97800BA9F2F /* ImageCacheTests.swift */; };
		3A5DA4DA23DC4BD10057B118 /* CategoryItemCell.swift in Sources */ = {isa = PBXBuildFile; fileRef = 3A5DA4D923DC4BD10057B118 /* CategoryItemCell.swift */; };
		3A5DA4DC23DC4C6F0057B118 /* UIViewExtensions.swift in Sources */ = {isa = PBXBuildFile; fileRef = 3A5DA4DB23DC4C6F0057B118 /* UIViewExtensions.swift */; };
		3A5DA4DF23DC50A40057B118 /* AdListViewController.swift in Sources */ = {isa = PBXBuildFile; fileRef = 3A5DA4DE23DC50A40057B118 /* AdListViewController.swift */; };
		3A5DA4E323DC51170057B118 /* AdCell.swift in Sources */ = {isa = PBXBuildFile; fileRef = 3A5DA4E223DC51170057B118 /* AdCell.swift */; };
		3A5DA4E523DC9D100057B118 /* ImageCache.swift in Sources */ = {isa = PBXBuildFile; fileRef = 3A5DA4E423DC9D100057B118 /* ImageCache.swift */; };
		3A5DA4EA23DCA0090057B118 /* ImageLoader.swift in Sources */ = {isa = PBXBuildFile; fileRef = 3A5DA4E923DCA0090057B118 /* ImageLoader.swift */; };
		3AD89F9823DC38490083360C /* AppDelegate.swift in Sources */ = {isa = PBXBuildFile; fileRef = 3AD89F9723DC38490083360C /* AppDelegate.swift */; };
		3AD89F9C23DC38490083360C /* CategoryListViewController.swift in Sources */ = {isa = PBXBuildFile; fileRef = 3AD89F9B23DC38490083360C /* CategoryListViewController.swift */; };
		3AD89FA123DC384C0083360C /* Assets.xcassets in Resources */ = {isa = PBXBuildFile; fileRef = 3AD89FA023DC384C0083360C /* Assets.xcassets */; };
		3AD89FA423DC384C0083360C /* LaunchScreen.storyboard in Resources */ = {isa = PBXBuildFile; fileRef = 3AD89FA223DC384C0083360C /* LaunchScreen.storyboard */; };
		3AD89FBB23DC3AE20083360C /* APIClient.swift in Sources */ = {isa = PBXBuildFile; fileRef = 3AD89FBA23DC3AE20083360C /* APIClient.swift */; };
		3AD89FBD23DC3E8A0083360C /* Logger.swift in Sources */ = {isa = PBXBuildFile; fileRef = 3AD89FBC23DC3E8A0083360C /* Logger.swift */; };
		3AD89FBF23DC44750083360C /* AdCategory.swift in Sources */ = {isa = PBXBuildFile; fileRef = 3AD89FBE23DC44750083360C /* AdCategory.swift */; };
		3AD89FC123DC449C0083360C /* Advertisement.swift in Sources */ = {isa = PBXBuildFile; fileRef = 3AD89FC023DC449C0083360C /* Advertisement.swift */; };
/* End PBXBuildFile section */

/* Begin PBXContainerItemProxy section */
		3AD89FAB23DC384C0083360C /* PBXContainerItemProxy */ = {
			isa = PBXContainerItemProxy;
			containerPortal = 3AD89F8C23DC38490083360C /* Project object */;
			proxyType = 1;
			remoteGlobalIDString = 3AD89F9323DC38490083360C;
			remoteInfo = KijijiTakeHome;
		};
/* End PBXContainerItemProxy section */

/* Begin PBXFileReference section */
		3A0EC6F123DCADA100BA9F2F /* CategoryButton.swift */ = {isa = PBXFileReference; lastKnownFileType = sourcecode.swift; path = CategoryButton.swift; sourceTree = "<group>"; };
		3A0EC6F323DCB01300BA9F2F /* CategoryFlowLayout.swift */ = {isa = PBXFileReference; lastKnownFileType = sourcecode.swift; path = CategoryFlowLayout.swift; sourceTree = "<group>"; };
		3A0EC6F523DCCF0400BA9F2F /* Strings.swift */ = {isa = PBXFileReference; lastKnownFileType = sourcecode.swift; path = Strings.swift; sourceTree = "<group>"; };
		3A0EC6F723DCD02000BA9F2F /* URLSessionMock.swift */ = {isa = PBXFileReference; lastKnownFileType = sourcecode.swift; path = URLSessionMock.swift; sourceTree = "<group>"; };
		3A0EC6F923DCD03100BA9F2F /* URLSessionDataTaskMock.swift */ = {isa = PBXFileReference; lastKnownFileType = sourcecode.swift; path = URLSessionDataTaskMock.swift; sourceTree = "<group>"; };
		3A0EC6FB23DCD06400BA9F2F /* APIClientTests.swift */ = {isa = PBXFileReference; lastKnownFileType = sourcecode.swift; path = APIClientTests.swift; sourceTree = "<group>"; };
		3A0EC70123DCD44B00BA9F2F /* BaseTestCase.swift */ = {isa = PBXFileReference; lastKnownFileType = sourcecode.swift; path = BaseTestCase.swift; sourceTree = "<group>"; };
		3A0EC70323DCD46200BA9F2F /* FileManager+Tests.swift */ = {isa = PBXFileReference; lastKnownFileType = sourcecode.swift; path = "FileManager+Tests.swift"; sourceTree = "<group>"; };
		3A0EC70523DCD4AB00BA9F2F /* categories.json */ = {isa = PBXFileReference; lastKnownFileType = text.json; path = categories.json; sourceTree = "<group>"; };
		3A0EC70723DCDB0900BA9F2F /* invalid_categories.json */ = {isa = PBXFileReference; lastKnownFileType = text.json; path = invalid_categories.json; sourceTree = "<group>"; };
		3A0EC70923DCDBCD00BA9F2F /* AsyncListViewModelTests.swift */ = {isa = PBXFileReference; lastKnownFileType = sourcecode.swift; path = AsyncListViewModelTests.swift; sourceTree = "<group>"; };
		3A0EC70D23DCE67B00BA9F2F /* AsyncListViewModel.swift */ = {isa = PBXFileReference; lastKnownFileType = sourcecode.swift; path = AsyncListViewModel.swift; sourceTree = "<group>"; };
		3A0EC71123DCE97800BA9F2F /* ImageCacheTests.swift */ = {isa = PBXFileReference; lastKnownFileType = sourcecode.swift; path = ImageCacheTests.swift; sourceTree = "<group>"; };
		3A5DA4D923DC4BD10057B118 /* CategoryItemCell.swift */ = {isa = PBXFileReference; lastKnownFileType = sourcecode.swift; path = CategoryItemCell.swift; sourceTree = "<group>"; };
		3A5DA4DB23DC4C6F0057B118 /* UIViewExtensions.swift */ = {isa = PBXFileReference; lastKnownFileType = sourcecode.swift; path = UIViewExtensions.swift; sourceTree = "<group>"; };
		3A5DA4DE23DC50A40057B118 /* AdListViewController.swift */ = {isa = PBXFileReference; lastKnownFileType = sourcecode.swift; path = AdListViewController.swift; sourceTree = "<group>"; };
		3A5DA4E223DC51170057B118 /* AdCell.swift */ = {isa = PBXFileReference; lastKnownFileType = sourcecode.swift; path = AdCell.swift; sourceTree = "<group>"; };
		3A5DA4E423DC9D100057B118 /* ImageCache.swift */ = {isa = PBXFileReference; lastKnownFileType = sourcecode.swift; path = ImageCache.swift; sourceTree = "<group>"; };
		3A5DA4E923DCA0090057B118 /* ImageLoader.swift */ = {isa = PBXFileReference; lastKnownFileType = sourcecode.swift; path = ImageLoader.swift; sourceTree = "<group>"; };
		3AD89F9423DC38490083360C /* KijijiTakeHome.app */ = {isa = PBXFileReference; explicitFileType = wrapper.application; includeInIndex = 0; path = KijijiTakeHome.app; sourceTree = BUILT_PRODUCTS_DIR; };
		3AD89F9723DC38490083360C /* AppDelegate.swift */ = {isa = PBXFileReference; lastKnownFileType = sourcecode.swift; path = AppDelegate.swift; sourceTree = "<group>"; };
		3AD89F9B23DC38490083360C /* CategoryListViewController.swift */ = {isa = PBXFileReference; lastKnownFileType = sourcecode.swift; path = CategoryListViewController.swift; sourceTree = "<group>"; };
		3AD89FA023DC384C0083360C /* Assets.xcassets */ = {isa = PBXFileReference; lastKnownFileType = folder.assetcatalog; path = Assets.xcassets; sourceTree = "<group>"; };
		3AD89FA323DC384C0083360C /* Base */ = {isa = PBXFileReference; lastKnownFileType = file.storyboard; name = Base; path = Base.lproj/LaunchScreen.storyboard; sourceTree = "<group>"; };
		3AD89FA523DC384C0083360C /* Info.plist */ = {isa = PBXFileReference; lastKnownFileType = text.plist.xml; path = Info.plist; sourceTree = "<group>"; };
		3AD89FAA23DC384C0083360C /* KijijiTakeHomeTests.xctest */ = {isa = PBXFileReference; explicitFileType = wrapper.cfbundle; includeInIndex = 0; path = KijijiTakeHomeTests.xctest; sourceTree = BUILT_PRODUCTS_DIR; };
		3AD89FB023DC384C0083360C /* Info.plist */ = {isa = PBXFileReference; lastKnownFileType = text.plist.xml; path = Info.plist; sourceTree = "<group>"; };
		3AD89FBA23DC3AE20083360C /* APIClient.swift */ = {isa = PBXFileReference; lastKnownFileType = sourcecode.swift; path = APIClient.swift; sourceTree = "<group>"; };
		3AD89FBC23DC3E8A0083360C /* Logger.swift */ = {isa = PBXFileReference; lastKnownFileType = sourcecode.swift; path = Logger.swift; sourceTree = "<group>"; };
		3AD89FBE23DC44750083360C /* AdCategory.swift */ = {isa = PBXFileReference; lastKnownFileType = sourcecode.swift; path = AdCategory.swift; sourceTree = "<group>"; };
		3AD89FC023DC449C0083360C /* Advertisement.swift */ = {isa = PBXFileReference; lastKnownFileType = sourcecode.swift; path = Advertisement.swift; sourceTree = "<group>"; };
/* End PBXFileReference section */

/* Begin PBXFrameworksBuildPhase section */
		3AD89F9123DC38490083360C /* Frameworks */ = {
			isa = PBXFrameworksBuildPhase;
			buildActionMask = 2147483647;
			files = (
			);
			runOnlyForDeploymentPostprocessing = 0;
		};
		3AD89FA723DC384C0083360C /* Frameworks */ = {
			isa = PBXFrameworksBuildPhase;
			buildActionMask = 2147483647;
			files = (
			);
			runOnlyForDeploymentPostprocessing = 0;
		};
/* End PBXFrameworksBuildPhase section */

/* Begin PBXGroup section */
		3A0EC6FD23DCD06600BA9F2F /* Mocks */ = {
			isa = PBXGroup;
			children = (
				3A0EC6F723DCD02000BA9F2F /* URLSessionMock.swift */,
				3A0EC6F923DCD03100BA9F2F /* URLSessionDataTaskMock.swift */,
			);
			path = Mocks;
			sourceTree = "<group>";
		};
		3A0EC6FE23DCD26800BA9F2F /* Data */ = {
			isa = PBXGroup;
			children = (
				3A0EC70523DCD4AB00BA9F2F /* categories.json */,
				3A0EC70723DCDB0900BA9F2F /* invalid_categories.json */,
			);
			path = Data;
			sourceTree = "<group>";
		};
		3A0EC71523DE0DE700BA9F2F /* Base */ = {
			isa = PBXGroup;
			children = (
				3A0EC70123DCD44B00BA9F2F /* BaseTestCase.swift */,
				3A0EC70323DCD46200BA9F2F /* FileManager+Tests.swift */,
			);
			path = Base;
			sourceTree = "<group>";
		};
		3A5DA4DD23DC509A0057B118 /* AdList */ = {
			isa = PBXGroup;
			children = (
				3A5DA4DE23DC50A40057B118 /* AdListViewController.swift */,
				3A5DA4E223DC51170057B118 /* AdCell.swift */,
			);
			path = AdList;
			sourceTree = "<group>";
		};
		3A5DA4E623DC9DF70057B118 /* ImageService */ = {
			isa = PBXGroup;
			children = (
				3A5DA4E923DCA0090057B118 /* ImageLoader.swift */,
				3A5DA4E423DC9D100057B118 /* ImageCache.swift */,
			);
			path = ImageService;
			sourceTree = "<group>";
		};
		3AD89F8B23DC38490083360C = {
			isa = PBXGroup;
			children = (
				3AD89F9623DC38490083360C /* KijijiTakeHome */,
				3AD89FAD23DC384C0083360C /* KijijiTakeHomeTests */,
				3AD89F9523DC38490083360C /* Products */,
			);
			sourceTree = "<group>";
		};
		3AD89F9523DC38490083360C /* Products */ = {
			isa = PBXGroup;
			children = (
				3AD89F9423DC38490083360C /* KijijiTakeHome.app */,
				3AD89FAA23DC384C0083360C /* KijijiTakeHomeTests.xctest */,
			);
			name = Products;
			sourceTree = "<group>";
		};
		3AD89F9623DC38490083360C /* KijijiTakeHome */ = {
			isa = PBXGroup;
			children = (
				3AD89F9723DC38490083360C /* AppDelegate.swift */,
				3A0EC70D23DCE67B00BA9F2F /* AsyncListViewModel.swift */,
				3A5DA4E623DC9DF70057B118 /* ImageService */,
				3AD89FC323DC47F50083360C /* CategoryList */,
				3AD89FBA23DC3AE20083360C /* APIClient.swift */,
				3A0EC6F523DCCF0400BA9F2F /* Strings.swift */,
				3A5DA4DD23DC509A0057B118 /* AdList */,
				3AD89FC223DC44A00083360C /* Models */,
				3AD89FBC23DC3E8A0083360C /* Logger.swift */,
				3A5DA4DB23DC4C6F0057B118 /* UIViewExtensions.swift */,
				3AD89FA023DC384C0083360C /* Assets.xcassets */,
				3AD89FA223DC384C0083360C /* LaunchScreen.storyboard */,
				3AD89FA523DC384C0083360C /* Info.plist */,
			);
			path = KijijiTakeHome;
			sourceTree = "<group>";
		};
		3AD89FAD23DC384C0083360C /* KijijiTakeHomeTests */ = {
			isa = PBXGroup;
			children = (
				3A0EC71523DE0DE700BA9F2F /* Base */,
				3A0EC6FB23DCD06400BA9F2F /* APIClientTests.swift */,
				3A0EC70923DCDBCD00BA9F2F /* AsyncListViewModelTests.swift */,
				3A0EC71123DCE97800BA9F2F /* ImageCacheTests.swift */,
				3A0EC6FE23DCD26800BA9F2F /* Data */,
				3A0EC6FD23DCD06600BA9F2F /* Mocks */,
				3AD89FB023DC384C0083360C /* Info.plist */,
			);
			path = KijijiTakeHomeTests;
			sourceTree = "<group>";
		};
		3AD89FC223DC44A00083360C /* Models */ = {
			isa = PBXGroup;
			children = (
				3AD89FBE23DC44750083360C /* AdCategory.swift */,
				3AD89FC023DC449C0083360C /* Advertisement.swift */,
			);
			path = Models;
			sourceTree = "<group>";
		};
		3AD89FC323DC47F50083360C /* CategoryList */ = {
			isa = PBXGroup;
			children = (
				3AD89F9B23DC38490083360C /* CategoryListViewController.swift */,
				3A0EC6F323DCB01300BA9F2F /* CategoryFlowLayout.swift */,
				3A5DA4D923DC4BD10057B118 /* CategoryItemCell.swift */,
				3A0EC6F123DCADA100BA9F2F /* CategoryButton.swift */,
			);
			path = CategoryList;
			sourceTree = "<group>";
		};
/* End PBXGroup section */

/* Begin PBXNativeTarget section */
		3AD89F9323DC38490083360C /* KijijiTakeHome */ = {
			isa = PBXNativeTarget;
			buildConfigurationList = 3AD89FB323DC384C0083360C /* Build configuration list for PBXNativeTarget "KijijiTakeHome" */;
			buildPhases = (
				3AD89F9023DC38490083360C /* Sources */,
				3AD89F9123DC38490083360C /* Frameworks */,
				3AD89F9223DC38490083360C /* Resources */,
			);
			buildRules = (
			);
			dependencies = (
			);
			name = KijijiTakeHome;
			productName = KijijiTakeHome;
			productReference = 3AD89F9423DC38490083360C /* KijijiTakeHome.app */;
			productType = "com.apple.product-type.application";
		};
		3AD89FA923DC384C0083360C /* KijijiTakeHomeTests */ = {
			isa = PBXNativeTarget;
			buildConfigurationList = 3AD89FB623DC384C0083360C /* Build configuration list for PBXNativeTarget "KijijiTakeHomeTests" */;
			buildPhases = (
				3AD89FA623DC384C0083360C /* Sources */,
				3AD89FA723DC384C0083360C /* Frameworks */,
				3AD89FA823DC384C0083360C /* Resources */,
			);
			buildRules = (
			);
			dependencies = (
				3AD89FAC23DC384C0083360C /* PBXTargetDependency */,
			);
			name = KijijiTakeHomeTests;
			productName = KijijiTakeHomeTests;
			productReference = 3AD89FAA23DC384C0083360C /* KijijiTakeHomeTests.xctest */;
			productType = "com.apple.product-type.bundle.unit-test";
		};
/* End PBXNativeTarget section */

/* Begin PBXProject section */
		3AD89F8C23DC38490083360C /* Project object */ = {
			isa = PBXProject;
			attributes = {
				LastSwiftUpdateCheck = 1130;
				LastUpgradeCheck = 1130;
				ORGANIZATIONNAME = "Flannery Jefferson";
				TargetAttributes = {
					3AD89F9323DC38490083360C = {
						CreatedOnToolsVersion = 11.3;
					};
					3AD89FA923DC384C0083360C = {
						CreatedOnToolsVersion = 11.3;
						TestTargetID = 3AD89F9323DC38490083360C;
					};
				};
			};
			buildConfigurationList = 3AD89F8F23DC38490083360C /* Build configuration list for PBXProject "KijijiTakeHome" */;
			compatibilityVersion = "Xcode 9.3";
			developmentRegion = en;
			hasScannedForEncodings = 0;
			knownRegions = (
				en,
				Base,
			);
			mainGroup = 3AD89F8B23DC38490083360C;
			productRefGroup = 3AD89F9523DC38490083360C /* Products */;
			projectDirPath = "";
			projectRoot = "";
			targets = (
				3AD89F9323DC38490083360C /* KijijiTakeHome */,
				3AD89FA923DC384C0083360C /* KijijiTakeHomeTests */,
			);
		};
/* End PBXProject section */

/* Begin PBXResourcesBuildPhase section */
		3AD89F9223DC38490083360C /* Resources */ = {
			isa = PBXResourcesBuildPhase;
			buildActionMask = 2147483647;
			files = (
				3AD89FA423DC384C0083360C /* LaunchScreen.storyboard in Resources */,
				3AD89FA123DC384C0083360C /* Assets.xcassets in Resources */,
			);
			runOnlyForDeploymentPostprocessing = 0;
		};
		3AD89FA823DC384C0083360C /* Resources */ = {
			isa = PBXResourcesBuildPhase;
			buildActionMask = 2147483647;
			files = (
				3A0EC70623DCD4AB00BA9F2F /* categories.json in Resources */,
				3A0EC70823DCDB0900BA9F2F /* invalid_categories.json in Resources */,
			);
			runOnlyForDeploymentPostprocessing = 0;
		};
/* End PBXResourcesBuildPhase section */

/* Begin PBXSourcesBuildPhase section */
		3AD89F9023DC38490083360C /* Sources */ = {
			isa = PBXSourcesBuildPhase;
			buildActionMask = 2147483647;
			files = (
				3A5DA4EA23DCA0090057B118 /* ImageLoader.swift in Sources */,
				3A5DA4E323DC51170057B118 /* AdCell.swift in Sources */,
				3A5DA4E523DC9D100057B118 /* ImageCache.swift in Sources */,
				3AD89F9C23DC38490083360C /* CategoryListViewController.swift in Sources */,
				3AD89F9823DC38490083360C /* AppDelegate.swift in Sources */,
				3AD89FC123DC449C0083360C /* Advertisement.swift in Sources */,
				3A0EC6F223DCADA100BA9F2F /* CategoryButton.swift in Sources */,
				3A0EC6F423DCB01300BA9F2F /* CategoryFlowLayout.swift in Sources */,
				3A5DA4DF23DC50A40057B118 /* AdListViewController.swift in Sources */,
				3AD89FBB23DC3AE20083360C /* APIClient.swift in Sources */,
				3A0EC6F623DCCF0400BA9F2F /* Strings.swift in Sources */,
				3A0EC70E23DCE67B00BA9F2F /* AsyncListViewModel.swift in Sources */,
				3AD89FBD23DC3E8A0083360C /* Logger.swift in Sources */,
				3A5DA4DA23DC4BD10057B118 /* CategoryItemCell.swift in Sources */,
				3A5DA4DC23DC4C6F0057B118 /* UIViewExtensions.swift in Sources */,
				3AD89FBF23DC44750083360C /* AdCategory.swift in Sources */,
			);
			runOnlyForDeploymentPostprocessing = 0;
		};
		3AD89FA623DC384C0083360C /* Sources */ = {
			isa = PBXSourcesBuildPhase;
			buildActionMask = 2147483647;
			files = (
				3A0EC70A23DCDBCD00BA9F2F /* AsyncListViewModelTests.swift in Sources */,
				3A0EC6F823DCD02000BA9F2F /* URLSessionMock.swift in Sources */,
				3A0EC71223DCE97800BA9F2F /* ImageCacheTests.swift in Sources */,
				3A0EC6FA23DCD03100BA9F2F /* URLSessionDataTaskMock.swift in Sources */,
				3A0EC70223DCD44B00BA9F2F /* BaseTestCase.swift in Sources */,
				3A0EC70423DCD46200BA9F2F /* FileManager+Tests.swift in Sources */,
				3A0EC6FC23DCD06400BA9F2F /* APIClientTests.swift in Sources */,
			);
			runOnlyForDeploymentPostprocessing = 0;
		};
/* End PBXSourcesBuildPhase section */

/* Begin PBXTargetDependency section */
		3AD89FAC23DC384C0083360C /* PBXTargetDependency */ = {
			isa = PBXTargetDependency;
			target = 3AD89F9323DC38490083360C /* KijijiTakeHome */;
			targetProxy = 3AD89FAB23DC384C0083360C /* PBXContainerItemProxy */;
		};
/* End PBXTargetDependency section */

/* Begin PBXVariantGroup section */
		3AD89FA223DC384C0083360C /* LaunchScreen.storyboard */ = {
			isa = PBXVariantGroup;
			children = (
				3AD89FA323DC384C0083360C /* Base */,
			);
			name = LaunchScreen.storyboard;
			sourceTree = "<group>";
		};
/* End PBXVariantGroup section */

/* Begin XCBuildConfiguration section */
		3AD89FB123DC384C0083360C /* Debug */ = {
			isa = XCBuildConfiguration;
			buildSettings = {
				ALWAYS_SEARCH_USER_PATHS = NO;
				CLANG_ANALYZER_NONNULL = YES;
				CLANG_ANALYZER_NUMBER_OBJECT_CONVERSION = YES_AGGRESSIVE;
				CLANG_CXX_LANGUAGE_STANDARD = "gnu++14";
				CLANG_CXX_LIBRARY = "libc++";
				CLANG_ENABLE_MODULES = YES;
				CLANG_ENABLE_OBJC_ARC = YES;
				CLANG_ENABLE_OBJC_WEAK = YES;
				CLANG_WARN_BLOCK_CAPTURE_AUTORELEASING = YES;
				CLANG_WARN_BOOL_CONVERSION = YES;
				CLANG_WARN_COMMA = YES;
				CLANG_WARN_CONSTANT_CONVERSION = YES;
				CLANG_WARN_DEPRECATED_OBJC_IMPLEMENTATIONS = YES;
				CLANG_WARN_DIRECT_OBJC_ISA_USAGE = YES_ERROR;
				CLANG_WARN_DOCUMENTATION_COMMENTS = YES;
				CLANG_WARN_EMPTY_BODY = YES;
				CLANG_WARN_ENUM_CONVERSION = YES;
				CLANG_WARN_INFINITE_RECURSION = YES;
				CLANG_WARN_INT_CONVERSION = YES;
				CLANG_WARN_NON_LITERAL_NULL_CONVERSION = YES;
				CLANG_WARN_OBJC_IMPLICIT_RETAIN_SELF = YES;
				CLANG_WARN_OBJC_LITERAL_CONVERSION = YES;
				CLANG_WARN_OBJC_ROOT_CLASS = YES_ERROR;
				CLANG_WARN_RANGE_LOOP_ANALYSIS = YES;
				CLANG_WARN_STRICT_PROTOTYPES = YES;
				CLANG_WARN_SUSPICIOUS_MOVE = YES;
				CLANG_WARN_UNGUARDED_AVAILABILITY = YES_AGGRESSIVE;
				CLANG_WARN_UNREACHABLE_CODE = YES;
				CLANG_WARN__DUPLICATE_METHOD_MATCH = YES;
				COPY_PHASE_STRIP = NO;
				DEBUG_INFORMATION_FORMAT = dwarf;
				ENABLE_STRICT_OBJC_MSGSEND = YES;
				ENABLE_TESTABILITY = YES;
				GCC_C_LANGUAGE_STANDARD = gnu11;
				GCC_DYNAMIC_NO_PIC = NO;
				GCC_NO_COMMON_BLOCKS = YES;
				GCC_OPTIMIZATION_LEVEL = 0;
				GCC_PREPROCESSOR_DEFINITIONS = (
					"DEBUG=1",
					"$(inherited)",
				);
				GCC_WARN_64_TO_32_BIT_CONVERSION = YES;
				GCC_WARN_ABOUT_RETURN_TYPE = YES_ERROR;
				GCC_WARN_UNDECLARED_SELECTOR = YES;
				GCC_WARN_UNINITIALIZED_AUTOS = YES_AGGRESSIVE;
				GCC_WARN_UNUSED_FUNCTION = YES;
				GCC_WARN_UNUSED_VARIABLE = YES;
				IPHONEOS_DEPLOYMENT_TARGET = 13.0;
				MTL_ENABLE_DEBUG_INFO = INCLUDE_SOURCE;
				MTL_FAST_MATH = YES;
				ONLY_ACTIVE_ARCH = YES;
				SDKROOT = iphoneos;
				SWIFT_ACTIVE_COMPILATION_CONDITIONS = DEBUG;
				SWIFT_OPTIMIZATION_LEVEL = "-Onone";
			};
			name = Debug;
		};
		3AD89FB223DC384C0083360C /* Release */ = {
			isa = XCBuildConfiguration;
			buildSettings = {
				ALWAYS_SEARCH_USER_PATHS = NO;
				CLANG_ANALYZER_NONNULL = YES;
				CLANG_ANALYZER_NUMBER_OBJECT_CONVERSION = YES_AGGRESSIVE;
				CLANG_CXX_LANGUAGE_STANDARD = "gnu++14";
				CLANG_CXX_LIBRARY = "libc++";
				CLANG_ENABLE_MODULES = YES;
				CLANG_ENABLE_OBJC_ARC = YES;
				CLANG_ENABLE_OBJC_WEAK = YES;
				CLANG_WARN_BLOCK_CAPTURE_AUTORELEASING = YES;
				CLANG_WARN_BOOL_CONVERSION = YES;
				CLANG_WARN_COMMA = YES;
				CLANG_WARN_CONSTANT_CONVERSION = YES;
				CLANG_WARN_DEPRECATED_OBJC_IMPLEMENTATIONS = YES;
				CLANG_WARN_DIRECT_OBJC_ISA_USAGE = YES_ERROR;
				CLANG_WARN_DOCUMENTATION_COMMENTS = YES;
				CLANG_WARN_EMPTY_BODY = YES;
				CLANG_WARN_ENUM_CONVERSION = YES;
				CLANG_WARN_INFINITE_RECURSION = YES;
				CLANG_WARN_INT_CONVERSION = YES;
				CLANG_WARN_NON_LITERAL_NULL_CONVERSION = YES;
				CLANG_WARN_OBJC_IMPLICIT_RETAIN_SELF = YES;
				CLANG_WARN_OBJC_LITERAL_CONVERSION = YES;
				CLANG_WARN_OBJC_ROOT_CLASS = YES_ERROR;
				CLANG_WARN_RANGE_LOOP_ANALYSIS = YES;
				CLANG_WARN_STRICT_PROTOTYPES = YES;
				CLANG_WARN_SUSPICIOUS_MOVE = YES;
				CLANG_WARN_UNGUARDED_AVAILABILITY = YES_AGGRESSIVE;
				CLANG_WARN_UNREACHABLE_CODE = YES;
				CLANG_WARN__DUPLICATE_METHOD_MATCH = YES;
				COPY_PHASE_STRIP = NO;
				DEBUG_INFORMATION_FORMAT = "dwarf-with-dsym";
				ENABLE_NS_ASSERTIONS = NO;
				ENABLE_STRICT_OBJC_MSGSEND = YES;
				GCC_C_LANGUAGE_STANDARD = gnu11;
				GCC_NO_COMMON_BLOCKS = YES;
				GCC_WARN_64_TO_32_BIT_CONVERSION = YES;
				GCC_WARN_ABOUT_RETURN_TYPE = YES_ERROR;
				GCC_WARN_UNDECLARED_SELECTOR = YES;
				GCC_WARN_UNINITIALIZED_AUTOS = YES_AGGRESSIVE;
				GCC_WARN_UNUSED_FUNCTION = YES;
				GCC_WARN_UNUSED_VARIABLE = YES;
				IPHONEOS_DEPLOYMENT_TARGET = 13.0;
				MTL_ENABLE_DEBUG_INFO = NO;
				MTL_FAST_MATH = YES;
				SDKROOT = iphoneos;
				SWIFT_COMPILATION_MODE = wholemodule;
				SWIFT_OPTIMIZATION_LEVEL = "-O";
				VALIDATE_PRODUCT = YES;
			};
			name = Release;
		};
		3AD89FB423DC384C0083360C /* Debug */ = {
			isa = XCBuildConfiguration;
			buildSettings = {
				ASSETCATALOG_COMPILER_APPICON_NAME = AppIcon;
				CODE_SIGN_STYLE = Automatic;
				DEVELOPMENT_TEAM = WJUFMSDDMW;
				INFOPLIST_FILE = KijijiTakeHome/Info.plist;
				LD_RUNPATH_SEARCH_PATHS = (
					"$(inherited)",
					"@executable_path/Frameworks",
				);
				PRODUCT_BUNDLE_IDENTIFIER = com.flanneryjefferson.KijijiTakeHome;
				PRODUCT_NAME = "$(TARGET_NAME)";
				SWIFT_VERSION = 5.0;
				TARGETED_DEVICE_FAMILY = "1,2";
			};
			name = Debug;
		};
		3AD89FB523DC384C0083360C /* Release */ = {
			isa = XCBuildConfiguration;
			buildSettings = {
				ASSETCATALOG_COMPILER_APPICON_NAME = AppIcon;
				CODE_SIGN_STYLE = Automatic;
				DEVELOPMENT_TEAM = WJUFMSDDMW;
				INFOPLIST_FILE = KijijiTakeHome/Info.plist;
				LD_RUNPATH_SEARCH_PATHS = (
					"$(inherited)",
					"@executable_path/Frameworks",
				);
				PRODUCT_BUNDLE_IDENTIFIER = com.flanneryjefferson.KijijiTakeHome;
				PRODUCT_NAME = "$(TARGET_NAME)";
				SWIFT_VERSION = 5.0;
				TARGETED_DEVICE_FAMILY = "1,2";
			};
			name = Release;
		};
		3AD89FB723DC384C0083360C /* Debug */ = {
			isa = XCBuildConfiguration;
			buildSettings = {
				ALWAYS_EMBED_SWIFT_STANDARD_LIBRARIES = YES;
				BUNDLE_LOADER = "$(TEST_HOST)";
				CODE_SIGN_STYLE = Automatic;
				DEVELOPMENT_TEAM = WJUFMSDDMW;
				INFOPLIST_FILE = KijijiTakeHomeTests/Info.plist;
				IPHONEOS_DEPLOYMENT_TARGET = 13.2;
				LD_RUNPATH_SEARCH_PATHS = (
					"$(inherited)",
					"@executable_path/Frameworks",
					"@loader_path/Frameworks",
				);
				PRODUCT_BUNDLE_IDENTIFIER = com.flanneryjefferson.KijijiTakeHomeTests;
				PRODUCT_NAME = "$(TARGET_NAME)";
				SWIFT_VERSION = 5.0;
				TARGETED_DEVICE_FAMILY = "1,2";
				TEST_HOST = "$(BUILT_PRODUCTS_DIR)/KijijiTakeHome.app/KijijiTakeHome";
			};
			name = Debug;
		};
		3AD89FB823DC384C0083360C /* Release */ = {
			isa = XCBuildConfiguration;
			buildSettings = {
				ALWAYS_EMBED_SWIFT_STANDARD_LIBRARIES = YES;
				BUNDLE_LOADER = "$(TEST_HOST)";
				CODE_SIGN_STYLE = Automatic;
				DEVELOPMENT_TEAM = WJUFMSDDMW;
				INFOPLIST_FILE = KijijiTakeHomeTests/Info.plist;
				IPHONEOS_DEPLOYMENT_TARGET = 13.2;
				LD_RUNPATH_SEARCH_PATHS = (
					"$(inherited)",
					"@executable_path/Frameworks",
					"@loader_path/Frameworks",
				);
				PRODUCT_BUNDLE_IDENTIFIER = com.flanneryjefferson.KijijiTakeHomeTests;
				PRODUCT_NAME = "$(TARGET_NAME)";
				SWIFT_VERSION = 5.0;
				TARGETED_DEVICE_FAMILY = "1,2";
				TEST_HOST = "$(BUILT_PRODUCTS_DIR)/KijijiTakeHome.app/KijijiTakeHome";
			};
			name = Release;
		};
/* End XCBuildConfiguration section */

/* Begin XCConfigurationList section */
		3AD89F8F23DC38490083360C /* Build configuration list for PBXProject "KijijiTakeHome" */ = {
			isa = XCConfigurationList;
			buildConfigurations = (
				3AD89FB123DC384C0083360C /* Debug */,
				3AD89FB223DC384C0083360C /* Release */,
			);
			defaultConfigurationIsVisible = 0;
			defaultConfigurationName = Release;
		};
		3AD89FB323DC384C0083360C /* Build configuration list for PBXNativeTarget "KijijiTakeHome" */ = {
			isa = XCConfigurationList;
			buildConfigurations = (
				3AD89FB423DC384C0083360C /* Debug */,
				3AD89FB523DC384C0083360C /* Release */,
			);
			defaultConfigurationIsVisible = 0;
			defaultConfigurationName = Release;
		};
		3AD89FB623DC384C0083360C /* Build configuration list for PBXNativeTarget "KijijiTakeHomeTests" */ = {
			isa = XCConfigurationList;
			buildConfigurations = (
				3AD89FB723DC384C0083360C /* Debug */,
				3AD89FB823DC384C0083360C /* Release */,
			);
			defaultConfigurationIsVisible = 0;
			defaultConfigurationName = Release;
		};
/* End XCConfigurationList section */
	};
	rootObject = 3AD89F8C23DC38490083360C /* Project object */;
}
